Microsoft Visual Studio Solution File, Format Version 12.00
# Visual Studio Version 17
VisualStudioVersion = 17.5.2.0
MinimumVisualStudioVersion = 10.0.40219.1
Project("{FAE04EC0-301F-11D3-BF4B-00C04F79EFBC}") = "InnerEigong", "InnerEigong.csproj", "{4EB706E3-BD30-7643-ACE3-B6142D99544D}"
EndProject
Global
	GlobalSection(SolutionConfigurationPlatforms) = preSolution
		Debug|Any CPU = Debug|Any CPU
		Release|Any CPU = Release|Any CPU
	EndGlobalSection
	GlobalSection(ProjectConfigurationPlatforms) = postSolution
		{4EB706E3-BD30-7643-ACE3-B6142D99544D}.Debug|Any CPU.ActiveCfg = Debug|Any CPU
		{4EB706E3-BD30-7643-ACE3-B6142D99544D}.Debug|Any CPU.Build.0 = Debug|Any CPU
		{4EB706E3-BD30-7643-ACE3-B6142D99544D}.Release|Any CPU.ActiveCfg = Release|Any CPU
		{4EB706E3-BD30-7643-ACE3-B6142D99544D}.Release|Any CPU.Build.0 = Release|Any CPU
	EndGlobalSection
	GlobalSection(SolutionProperties) = preSolution
		HideSolutionNode = FALSE
	EndGlobalSection
	GlobalSection(ExtensibilityGlobals) = postSolution
		SolutionGuid = {FCE23EE2-754A-40CF-AD9F-4F75DF1407F7}
	EndGlobalSection
EndGlobal
